
Microsoft Visual Studio Solution File, Format Version 12.00
# Visual Studio Version 17
VisualStudioVersion = 17.5.002.0
MinimumVisualStudioVersion = 10.0.40219.1
Project("{9A19103F-16F7-4668-BE54-9A1E7A4F7556}") = "Matriz", "Matriz.csproj", "{393C948A-73B2-40BA-B805-CE47567D4115}"
EndProject
Global
	GlobalSection(SolutionConfigurationPlatforms) = preSolution
		Debug|Any CPU = Debug|Any CPU
		Release|Any CPU = Release|Any CPU
	EndGlobalSection
	GlobalSection(ProjectConfigurationPlatforms) = postSolution
		{393C948A-73B2-40BA-B805-CE47567D4115}.Debug|Any CPU.ActiveCfg = Debug|Any CPU
		{393C948A-73B2-40BA-B805-CE47567D4115}.Debug|Any CPU.Build.0 = Debug|Any CPU
		{393C948A-73B2-40BA-B805-CE47567D4115}.Release|Any CPU.ActiveCfg = Release|Any CPU
		{393C948A-73B2-40BA-B805-CE47567D4115}.Release|Any CPU.Build.0 = Release|Any CPU
	EndGlobalSection
	GlobalSection(SolutionProperties) = preSolution
		HideSolutionNode = FALSE
	EndGlobalSection
	GlobalSection(ExtensibilityGlobals) = postSolution
		SolutionGuid = {F9C3B11F-F518-4E62-B642-607229AF522E}
	EndGlobalSection
EndGlobal
